// !$*UTF8*$!
{
	archiveVersion = 1;
	classes = {
	};
	objectVersion = 46;
	objects = {

/* Begin PBXBuildFile section */
		F0A35EDA1C4F358B00DE49A1 /* AppDelegate.m in Sources */ = {isa = PBXBuildFile; fileRef = F0A35ED91C4F358B00DE49A1 /* AppDelegate.m */; };
		F0A35EDD1C4F358B00DE49A1 /* main.m in Sources */ = {isa = PBXBuildFile; fileRef = F0A35EDC1C4F358B00DE49A1 /* main.m */; };
		F0A35EDF1C4F358B00DE49A1 /* Assets.xcassets in Resources */ = {isa = PBXBuildFile; fileRef = F0A35EDE1C4F358B00DE49A1 /* Assets.xcassets */; };
		F0A35EE21C4F358B00DE49A1 /* MainMenu.xib in Resources */ = {isa = PBXBuildFile; fileRef = F0A35EE01C4F358B00DE49A1 /* MainMenu.xib */; };
		F0A35EEB1C4F369800DE49A1 /* InvadersView.m in Sources */ = {isa = PBXBuildFile; fileRef = F0A35EEA1C4F369800DE49A1 /* InvadersView.m */; };
		F0A35EEE1C4F463B00DE49A1 /* SpaceInvadersMachine.m in Sources */ = {isa = PBXBuildFile; fileRef = F0A35EED1C4F463B00DE49A1 /* SpaceInvadersMachine.m */; };
		F0A35EFA1C4F479200DE49A1 /* invaders.e in Resources */ = {isa = PBXBuildFile; fileRef = F0A35EF61C4F475000DE49A1 /* invaders.e */; };
		F0A35EFB1C4F479500DE49A1 /* invaders.f in Resources */ = {isa = PBXBuildFile; fileRef = F0A35EF71C4F475000DE49A1 /* invaders.f */; };
		F0A35EFC1C4F479700DE49A1 /* invaders.g in Resources */ = {isa = PBXBuildFile; fileRef = F0A35EF81C4F475000DE49A1 /* invaders.g */; };
		F0A35EFD1C4F479A00DE49A1 /* invaders.h in Resources */ = {isa = PBXBuildFile; fileRef = F0A35EF91C4F475000DE49A1 /* invaders.h */; };
		F0A35F001C509E6F00DE49A1 /* 8080emu.c in Sources */ = {isa = PBXBuildFile; fileRef = F0A35EFE1C509E6F00DE49A1 /* 8080emu.c */; };
		F0F0D8BE1C51E97600B90E9B /* 0.wav in Resources */ = {isa = PBXBuildFile; fileRef = F0F0D8B41C51E97600B90E9B /* 0.wav */; };
		F0F0D8BF1C51E97600B90E9B /* 1.wav in Resources */ = {isa = PBXBuildFile; fileRef = F0F0D8B51C51E97600B90E9B /* 1.wav */; };
		F0F0D8C01C51E97600B90E9B /* 2.wav in Resources */ = {isa = PBXBuildFile; fileRef = F0F0D8B61C51E97600B90E9B /* 2.wav */; };
		F0F0D8C11C51E97600B90E9B /* 3.wav in Resources */ = {isa = PBXBuildFile; fileRef = F0F0D8B71C51E97600B90E9B /* 3.wav */; };
		F0F0D8C21C51E97600B90E9B /* 4.wav in Resources */ = {isa = PBXBuildFile; fileRef = F0F0D8B81C51E97600B90E9B /* 4.wav */; };
		F0F0D8C31C51E97600B90E9B /* 5.wav in Resources */ = {isa = PBXBuildFile; fileRef = F0F0D8B91C51E97600B90E9B /* 5.wav */; };
		F0F0D8C41C51E97600B90E9B /* 6.wav in Resources */ = {isa = PBXBuildFile; fileRef = F0F0D8BA1C51E97600B90E9B /* 6.wav */; };
		F0F0D8C51C51E97600B90E9B /* 7.wav in Resources */ = {isa = PBXBuildFile; fileRef = F0F0D8BB1C51E97600B90E9B /* 7.wav */; };
		F0F0D8C61C51E97600B90E9B /* 8.wav in Resources */ = {isa = PBXBuildFile; fileRef = F0F0D8BC1C51E97600B90E9B /* 8.wav */; };
		F0F0D8C71C51E97600B90E9B /* 9.wav in Resources */ = {isa = PBXBuildFile; fileRef = F0F0D8BD1C51E97600B90E9B /* 9.wav */; };
/* End PBXBuildFile section */

/* Begin PBXFileReference section */
		F0A35ED51C4F358B00DE49A1 /* Invaders.app */ = {isa = PBXFileReference; explicitFileType = wrapper.application; includeInIndex = 0; path = Invaders.app; sourceTree = BUILT_PRODUCTS_DIR; };
		F0A35ED81C4F358B00DE49A1 /* AppDelegate.h */ = {isa = PBXFileReference; lastKnownFileType = sourcecode.c.h; path = AppDelegate.h; sourceTree = "<group>"; };
		F0A35ED91C4F358B00DE49A1 /* AppDelegate.m */ = {isa = PBXFileReference; lastKnownFileType = sourcecode.c.objc; path = AppDelegate.m; sourceTree = "<group>"; };
		F0A35EDC1C4F358B00DE49A1 /* main.m */ = {isa = PBXFileReference; lastKnownFileType = sourcecode.c.objc; path = main.m; sourceTree = "<group>"; };
		F0A35EDE1C4F358B00DE49A1 /* Assets.xcassets */ = {isa = PBXFileReference; lastKnownFileType = folder.assetcatalog; path = Assets.xcassets; sourceTree = "<group>"; };
		F0A35EE11C4F358B00DE49A1 /* Base */ = {isa = PBXFileReference; lastKnownFileType = file.xib; name = Base; path = Base.lproj/MainMenu.xib; sourceTree = "<group>"; };
		F0A35EE31C4F358B00DE49A1 /* Info.plist */ = {isa = PBXFileReference; lastKnownFileType = text.plist.xml; path = Info.plist; sourceTree = "<group>"; };
		F0A35EE91C4F369800DE49A1 /* InvadersView.h */ = {isa = PBXFileReference; fileEncoding = 4; lastKnownFileType = sourcecode.c.h; path = InvadersView.h; sourceTree = "<group>"; };
		F0A35EEA1C4F369800DE49A1 /* InvadersView.m */ = {isa = PBXFileReference; fileEncoding = 4; lastKnownFileType = sourcecode.c.objc; path = InvadersView.m; sourceTree = "<group>"; };
		F0A35EEC1C4F463B00DE49A1 /* SpaceInvadersMachine.h */ = {isa = PBXFileReference; fileEncoding = 4; lastKnownFileType = sourcecode.c.h; name = SpaceInvadersMachine.h; path = ../SpaceInvadersMachine.h; sourceTree = "<group>"; };
		F0A35EED1C4F463B00DE49A1 /* SpaceInvadersMachine.m */ = {isa = PBXFileReference; fileEncoding = 4; lastKnownFileType = sourcecode.c.objc; name = SpaceInvadersMachine.m; path = ../SpaceInvadersMachine.m; sourceTree = "<group>"; };
		F0A35EF61C4F475000DE49A1 /* invaders.e */ = {isa = PBXFileReference; lastKnownFileType = file; path = invaders.e; sourceTree = "<group>"; };
		F0A35EF71C4F475000DE49A1 /* invaders.f */ = {isa = PBXFileReference; lastKnownFileType = sourcecode.fortran; path = invaders.f; sourceTree = "<group>"; };
		F0A35EF81C4F475000DE49A1 /* invaders.g */ = {isa = PBXFileReference; lastKnownFileType = file; path = invaders.g; sourceTree = "<group>"; };
		F0A35EF91C4F475000DE49A1 /* invaders.h */ = {isa = PBXFileReference; lastKnownFileType = sourcecode.c.h; path = invaders.h; sourceTree = "<group>"; };
		F0A35EFE1C509E6F00DE49A1 /* 8080emu.c */ = {isa = PBXFileReference; fileEncoding = 4; lastKnownFileType = sourcecode.c.c; path = 8080emu.c; sourceTree = "<group>"; };
		F0A35EFF1C509E6F00DE49A1 /* 8080emu.h */ = {isa = PBXFileReference; fileEncoding = 4; lastKnownFileType = sourcecode.c.h; path = 8080emu.h; sourceTree = "<group>"; };
		F0F0D8B41C51E97600B90E9B /* 0.wav */ = {isa = PBXFileReference; lastKnownFileType = audio.wav; path = 0.wav; sourceTree = "<group>"; };
		F0F0D8B51C51E97600B90E9B /* 1.wav */ = {isa = PBXFileReference; lastKnownFileType = audio.wav; path = 1.wav; sourceTree = "<group>"; };
		F0F0D8B61C51E97600B90E9B /* 2.wav */ = {isa = PBXFileReference; lastKnownFileType = audio.wav; path = 2.wav; sourceTree = "<group>"; };
		F0F0D8B71C51E97600B90E9B /* 3.wav */ = {isa = PBXFileReference; lastKnownFileType = audio.wav; path = 3.wav; sourceTree = "<group>"; };
		F0F0D8B81C51E97600B90E9B /* 4.wav */ = {isa = PBXFileReference; lastKnownFileType = audio.wav; path = 4.wav; sourceTree = "<group>"; };
		F0F0D8B91C51E97600B90E9B /* 5.wav */ = {isa = PBXFileReference; lastKnownFileType = audio.wav; path = 5.wav; sourceTree = "<group>"; };
		F0F0D8BA1C51E97600B90E9B /* 6.wav */ = {isa = PBXFileReference; lastKnownFileType = audio.wav; path = 6.wav; sourceTree = "<group>"; };
		F0F0D8BB1C51E97600B90E9B /* 7.wav */ = {isa = PBXFileReference; lastKnownFileType = audio.wav; path = 7.wav; sourceTree = "<group>"; };
		F0F0D8BC1C51E97600B90E9B /* 8.wav */ = {isa = PBXFileReference; lastKnownFileType = audio.wav; path = 8.wav; sourceTree = "<group>"; };
		F0F0D8BD1C51E97600B90E9B /* 9.wav */ = {isa = PBXFileReference; lastKnownFileType = audio.wav; path = 9.wav; sourceTree = "<group>"; };
/* End PBXFileReference section */

/* Begin PBXFrameworksBuildPhase section */
		F0A35ED21C4F358B00DE49A1 /* Frameworks */ = {
			isa = PBXFrameworksBuildPhase;
			buildActionMask = 2147483647;
			files = (
			);
			runOnlyForDeploymentPostprocessing = 0;
		};
/* End PBXFrameworksBuildPhase section */

/* Begin PBXGroup section */
		F0A35ECC1C4F358B00DE49A1 = {
			isa = PBXGroup;
			children = (
				F0A35EE91C4F369800DE49A1 /* InvadersView.h */,
				F0A35EEA1C4F369800DE49A1 /* InvadersView.m */,
				F0A35EFE1C509E6F00DE49A1 /* 8080emu.c */,
				F0A35EFF1C509E6F00DE49A1 /* 8080emu.h */,
				F0A35ED71C4F358B00DE49A1 /* Invaders */,
				F0A35ED61C4F358B00DE49A1 /* Products */,
			);
			sourceTree = "<group>";
		};
		F0A35ED61C4F358B00DE49A1 /* Products */ = {
			isa = PBXGroup;
			children = (
				F0A35ED51C4F358B00DE49A1 /* Invaders.app */,
			);
			name = Products;
			sourceTree = "<group>";
		};
		F0A35ED71C4F358B00DE49A1 /* Invaders */ = {
			isa = PBXGroup;
			children = (
				F0A35ED81C4F358B00DE49A1 /* AppDelegate.h */,
				F0A35ED91C4F358B00DE49A1 /* AppDelegate.m */,
				F0A35EDE1C4F358B00DE49A1 /* Assets.xcassets */,
				F0A35EE01C4F358B00DE49A1 /* MainMenu.xib */,
				F0A35EEC1C4F463B00DE49A1 /* SpaceInvadersMachine.h */,
				F0A35EED1C4F463B00DE49A1 /* SpaceInvadersMachine.m */,
				F0A35EE31C4F358B00DE49A1 /* Info.plist */,
				F0A35EDB1C4F358B00DE49A1 /* Supporting Files */,
			);
			path = Invaders;
			sourceTree = "<group>";
		};
		F0A35EDB1C4F358B00DE49A1 /* Supporting Files */ = {
			isa = PBXGroup;
			children = (
				F0A35EF61C4F475000DE49A1 /* invaders.e */,
				F0A35EF71C4F475000DE49A1 /* invaders.f */,
				F0A35EF81C4F475000DE49A1 /* invaders.g */,
				F0A35EF91C4F475000DE49A1 /* invaders.h */,
				F0F0D8B41C51E97600B90E9B /* 0.wav */,
				F0F0D8B51C51E97600B90E9B /* 1.wav */,
				F0F0D8B61C51E97600B90E9B /* 2.wav */,
				F0F0D8B71C51E97600B90E9B /* 3.wav */,
				F0F0D8B81C51E97600B90E9B /* 4.wav */,
				F0F0D8B91C51E97600B90E9B /* 5.wav */,
				F0F0D8BA1C51E97600B90E9B /* 6.wav */,
				F0F0D8BB1C51E97600B90E9B /* 7.wav */,
				F0F0D8BC1C51E97600B90E9B /* 8.wav */,
				F0F0D8BD1C51E97600B90E9B /* 9.wav */,
				F0A35EDC1C4F358B00DE49A1 /* main.m */,
			);
			name = "Supporting Files";
			sourceTree = "<group>";
		};
/* End PBXGroup section */

/* Begin PBXNativeTarget section */
		F0A35ED41C4F358B00DE49A1 /* Invaders */ = {
			isa = PBXNativeTarget;
			buildConfigurationList = F0A35EE61C4F358B00DE49A1 /* Build configuration list for PBXNativeTarget "Invaders" */;
			buildPhases = (
				F0A35ED11C4F358B00DE49A1 /* Sources */,
				F0A35ED21C4F358B00DE49A1 /* Frameworks */,
				F0A35ED31C4F358B00DE49A1 /* Resources */,
			);
			buildRules = (
			);
			dependencies = (
			);
			name = Invaders;
			productName = Invaders;
			productReference = F0A35ED51C4F358B00DE49A1 /* Invaders.app */;
			productType = "com.apple.product-type.application";
		};
/* End PBXNativeTarget section */

/* Begin PBXProject section */
		F0A35ECD1C4F358B00DE49A1 /* Project object */ = {
			isa = PBXProject;
			attributes = {
				LastUpgradeCheck = 0940;
				ORGANIZATIONNAME = "emulator 101";
				TargetAttributes = {
					F0A35ED41C4F358B00DE49A1 = {
						CreatedOnToolsVersion = 7.2;
					};
				};
			};
			buildConfigurationList = F0A35ED01C4F358B00DE49A1 /* Build configuration list for PBXProject "Invaders" */;
			compatibilityVersion = "Xcode 3.2";
			developmentRegion = English;
			hasScannedForEncodings = 0;
			knownRegions = (
				en,
				Base,
			);
			mainGroup = F0A35ECC1C4F358B00DE49A1;
			productRefGroup = F0A35ED61C4F358B00DE49A1 /* Products */;
			projectDirPath = "";
			projectRoot = "";
			targets = (
				F0A35ED41C4F358B00DE49A1 /* Invaders */,
			);
		};
/* End PBXProject section */

/* Begin PBXResourcesBuildPhase section */
		F0A35ED31C4F358B00DE49A1 /* Resources */ = {
			isa = PBXResourcesBuildPhase;
			buildActionMask = 2147483647;
			files = (
				F0F0D8C21C51E97600B90E9B /* 4.wav in Resources */,
				F0F0D8C01C51E97600B90E9B /* 2.wav in Resources */,
				F0A35EDF1C4F358B00DE49A1 /* Assets.xcassets in Resources */,
				F0A35EE21C4F358B00DE49A1 /* MainMenu.xib in Resources */,
				F0F0D8BF1C51E97600B90E9B /* 1.wav in Resources */,
				F0A35EFA1C4F479200DE49A1 /* invaders.e in Resources */,
				F0F0D8C61C51E97600B90E9B /* 8.wav in Resources */,
				F0F0D8C41C51E97600B90E9B /* 6.wav in Resources */,
				F0F0D8C31C51E97600B90E9B /* 5.wav in Resources */,
				F0A35EFB1C4F479500DE49A1 /* invaders.f in Resources */,
				F0F0D8C71C51E97600B90E9B /* 9.wav in Resources */,
				F0F0D8C11C51E97600B90E9B /* 3.wav in Resources */,
				F0A35EFC1C4F479700DE49A1 /* invaders.g in Resources */,
				F0F0D8BE1C51E97600B90E9B /* 0.wav in Resources */,
				F0F0D8C51C51E97600B90E9B /* 7.wav in Resources */,
				F0A35EFD1C4F479A00DE49A1 /* invaders.h in Resources */,
			);
			runOnlyForDeploymentPostprocessing = 0;
		};
/* End PBXResourcesBuildPhase section */

/* Begin PBXSourcesBuildPhase section */
		F0A35ED11C4F358B00DE49A1 /* Sources */ = {
			isa = PBXSourcesBuildPhase;
			buildActionMask = 2147483647;
			files = (
				F0A35EDD1C4F358B00DE49A1 /* main.m in Sources */,
				F0A35EEB1C4F369800DE49A1 /* InvadersView.m in Sources */,
				F0A35EEE1C4F463B00DE49A1 /* SpaceInvadersMachine.m in Sources */,
				F0A35F001C509E6F00DE49A1 /* 8080emu.c in Sources */,
				F0A35EDA1C4F358B00DE49A1 /* AppDelegate.m in Sources */,
			);
			runOnlyForDeploymentPostprocessing = 0;
		};
/* End PBXSourcesBuildPhase section */

/* Begin PBXVariantGroup section */
		F0A35EE01C4F358B00DE49A1 /* MainMenu.xib */ = {
			isa = PBXVariantGroup;
			children = (
				F0A35EE11C4F358B00DE49A1 /* Base */,
			);
			name = MainMenu.xib;
			sourceTree = "<group>";
		};
/* End PBXVariantGroup section */

/* Begin XCBuildConfiguration section */
		F0A35EE41C4F358B00DE49A1 /* Debug */ = {
			isa = XCBuildConfiguration;
			buildSettings = {
				ALWAYS_SEARCH_USER_PATHS = NO;
				CLANG_CXX_LANGUAGE_STANDARD = "gnu++0x";
				CLANG_CXX_LIBRARY = "libc++";
				CLANG_ENABLE_MODULES = YES;
				CLANG_ENABLE_OBJC_ARC = YES;
				CLANG_WARN_BLOCK_CAPTURE_AUTORELEASING = YES;
				CLANG_WARN_BOOL_CONVERSION = YES;
				CLANG_WARN_COMMA = YES;
				CLANG_WARN_CONSTANT_CONVERSION = YES;
				CLANG_WARN_DEPRECATED_OBJC_IMPLEMENTATIONS = YES;
				CLANG_WARN_DIRECT_OBJC_ISA_USAGE = YES_ERROR;
				CLANG_WARN_EMPTY_BODY = YES;
				CLANG_WARN_ENUM_CONVERSION = YES;
				CLANG_WARN_INFINITE_RECURSION = YES;
				CLANG_WARN_INT_CONVERSION = YES;
				CLANG_WARN_NON_LITERAL_NULL_CONVERSION = YES;
				CLANG_WARN_OBJC_IMPLICIT_RETAIN_SELF = YES;
				CLANG_WARN_OBJC_LITERAL_CONVERSION = YES;
				CLANG_WARN_OBJC_ROOT_CLASS = YES_ERROR;
				CLANG_WARN_RANGE_LOOP_ANALYSIS = YES;
				CLANG_WARN_STRICT_PROTOTYPES = YES;
				CLANG_WARN_SUSPICIOUS_MOVE = YES;
				CLANG_WARN_UNREACHABLE_CODE = YES;
				CLANG_WARN__DUPLICATE_METHOD_MATCH = YES;
				CODE_SIGN_IDENTITY = "-";
				COPY_PHASE_STRIP = NO;
				DEBUG_INFORMATION_FORMAT = dwarf;
				ENABLE_STRICT_OBJC_MSGSEND = YES;
				ENABLE_TESTABILITY = YES;
				GCC_C_LANGUAGE_STANDARD = gnu99;
				GCC_DYNAMIC_NO_PIC = NO;
				GCC_NO_COMMON_BLOCKS = YES;
				GCC_OPTIMIZATION_LEVEL = 0;
				GCC_PREPROCESSOR_DEFINITIONS = (
					"DEBUG=1",
					"$(inherited)",
				);
				GCC_WARN_64_TO_32_BIT_CONVERSION = YES;
				GCC_WARN_ABOUT_RETURN_TYPE = YES_ERROR;
				GCC_WARN_UNDECLARED_SELECTOR = YES;
				GCC_WARN_UNINITIALIZED_AUTOS = YES_AGGRESSIVE;
				GCC_WARN_UNUSED_FUNCTION = YES;
				GCC_WARN_UNUSED_VARIABLE = YES;
				MACOSX_DEPLOYMENT_TARGET = 10.11;
				MTL_ENABLE_DEBUG_INFO = YES;
				ONLY_ACTIVE_ARCH = YES;
				SDKROOT = macosx;
			};
			name = Debug;
		};
		F0A35EE51C4F358B00DE49A1 /* Release */ = {
			isa = XCBuildConfiguration;
			buildSettings = {
				ALWAYS_SEARCH_USER_PATHS = NO;
				CLANG_CXX_LANGUAGE_STANDARD = "gnu++0x";
				CLANG_CXX_LIBRARY = "libc++";
				CLANG_ENABLE_MODULES = YES;
				CLANG_ENABLE_OBJC_ARC = YES;
				CLANG_WARN_BLOCK_CAPTURE_AUTORELEASING = YES;
				CLANG_WARN_BOOL_CONVERSION = YES;
				CLANG_WARN_COMMA = YES;
				CLANG_WARN_CONSTANT_CONVERSION = YES;
				CLANG_WARN_DEPRECATED_OBJC_IMPLEMENTATIONS = YES;
				CLANG_WARN_DIRECT_OBJC_ISA_USAGE = YES_ERROR;
				CLANG_WARN_EMPTY_BODY = YES;
				CLANG_WARN_ENUM_CONVERSION = YES;
				CLANG_WARN_INFINITE_RECURSION = YES;
				CLANG_WARN_INT_CONVERSION = YES;
				CLANG_WARN_NON_LITERAL_NULL_CONVERSION = YES;
				CLANG_WARN_OBJC_IMPLICIT_RETAIN_SELF = YES;
				CLANG_WARN_OBJC_LITERAL_CONVERSION = YES;
				CLANG_WARN_OBJC_ROOT_CLASS = YES_ERROR;
				CLANG_WARN_RANGE_LOOP_ANALYSIS = YES;
				CLANG_WARN_STRICT_PROTOTYPES = YES;
				CLANG_WARN_SUSPICIOUS_MOVE = YES;
				CLANG_WARN_UNREACHABLE_CODE = YES;
				CLANG_WARN__DUPLICATE_METHOD_MATCH = YES;
				CODE_SIGN_IDENTITY = "-";
				COPY_PHASE_STRIP = NO;
				DEBUG_INFORMATION_FORMAT = "dwarf-with-dsym";
				ENABLE_NS_ASSERTIONS = NO;
				ENABLE_STRICT_OBJC_MSGSEND = YES;
				GCC_C_LANGUAGE_STANDARD = gnu99;
				GCC_NO_COMMON_BLOCKS = YES;
				GCC_WARN_64_TO_32_BIT_CONVERSION = YES;
				GCC_WARN_ABOUT_RETURN_TYPE = YES_ERROR;
				GCC_WARN_UNDECLARED_SELECTOR = YES;
				GCC_WARN_UNINITIALIZED_AUTOS = YES_AGGRESSIVE;
				GCC_WARN_UNUSED_FUNCTION = YES;
				GCC_WARN_UNUSED_VARIABLE = YES;
				MACOSX_DEPLOYMENT_TARGET = 10.11;
				MTL_ENABLE_DEBUG_INFO = NO;
				SDKROOT = macosx;
			};
			name = Release;
		};
		F0A35EE71C4F358B00DE49A1 /* Debug */ = {
			isa = XCBuildConfiguration;
			buildSettings = {
				ASSETCATALOG_COMPILER_APPICON_NAME = AppIcon;
				COMBINE_HIDPI_IMAGES = YES;
				INFOPLIST_FILE = Invaders/Info.plist;
				LD_RUNPATH_SEARCH_PATHS = "$(inherited) @executable_path/../Frameworks";
				PRODUCT_BUNDLE_IDENTIFIER = com.emulator101.Invaders;
				PRODUCT_NAME = "$(TARGET_NAME)";
			};
			name = Debug;
		};
		F0A35EE81C4F358B00DE49A1 /* Release */ = {
			isa = XCBuildConfiguration;
			buildSettings = {
				ASSETCATALOG_COMPILER_APPICON_NAME = AppIcon;
				COMBINE_HIDPI_IMAGES = YES;
				INFOPLIST_FILE = Invaders/Info.plist;
				LD_RUNPATH_SEARCH_PATHS = "$(inherited) @executable_path/../Frameworks";
				PRODUCT_BUNDLE_IDENTIFIER = com.emulator101.Invaders;
				PRODUCT_NAME = "$(TARGET_NAME)";
			};
			name = Release;
		};
/* End XCBuildConfiguration section */

/* Begin XCConfigurationList section */
		F0A35ED01C4F358B00DE49A1 /* Build configuration list for PBXProject "Invaders" */ = {
			isa = XCConfigurationList;
			buildConfigurations = (
				F0A35EE41C4F358B00DE49A1 /* Debug */,
				F0A35EE51C4F358B00DE49A1 /* Release */,
			);
			defaultConfigurationIsVisible = 0;
			defaultConfigurationName = Release;
		};
		F0A35EE61C4F358B00DE49A1 /* Build configuration list for PBXNativeTarget "Invaders" */ = {
			isa = XCConfigurationList;
			buildConfigurations = (
				F0A35EE71C4F358B00DE49A1 /* Debug */,
				F0A35EE81C4F358B00DE49A1 /* Release */,
			);
			defaultConfigurationIsVisible = 0;
			defaultConfigurationName = Release;
		};
/* End XCConfigurationList section */
	};
	rootObject = F0A35ECD1C4F358B00DE49A1 /* Project object */;
}
